
Microsoft Visual Studio Solution File, Format Version 12.00
# Visual Studio 15
VisualStudioVersion = 15.0.26730.8
MinimumVisualStudioVersion = 10.0.40219.1
Project("{FAE04EC0-301F-11D3-BF4B-00C04F79EFBC}") = "SignalR.StockTicker", "SignalR.StockTicker\SignalR.StockTicker.csproj", "{E33058EC-A4E3-48E6-881A-0CCA2E6B41FD}"
EndProject
Project("{FAE04EC0-301F-11D3-BF4B-00C04F79EFBC}") = "SignalR.StockTicker.WpfSubscriber", "SignalR.StockTicker.WpfSubscriber\SignalR.StockTicker.WpfSubscriber.csproj", "{19639363-2BA4-4ADF-98CA-398953AABBB5}"
EndProject
Project("{FAE04EC0-301F-11D3-BF4B-00C04F79EFBC}") = "SignalR.StockTicker.ConsoleSubscriber", "SignalR.StockTicker.ConsoleSubscriber\SignalR.StockTicker.ConsoleSubscriber.csproj", "{81142686-6E77-4F41-825B-22A4BEBA66CF}"
EndProject
Global
	GlobalSection(SolutionConfigurationPlatforms) = preSolution
		Debug|Any CPU = Debug|Any CPU
		Release|Any CPU = Release|Any CPU
	EndGlobalSection
	GlobalSection(ProjectConfigurationPlatforms) = postSolution
		{E33058EC-A4E3-48E6-881A-0CCA2E6B41FD}.Debug|Any CPU.ActiveCfg = Debug|Any CPU
		{E33058EC-A4E3-48E6-881A-0CCA2E6B41FD}.Debug|Any CPU.Build.0 = Debug|Any CPU
		{E33058EC-A4E3-48E6-881A-0CCA2E6B41FD}.Release|Any CPU.ActiveCfg = Release|Any CPU
		{E33058EC-A4E3-48E6-881A-0CCA2E6B41FD}.Release|Any CPU.Build.0 = Release|Any CPU
		{19639363-2BA4-4ADF-98CA-398953AABBB5}.Debug|Any CPU.ActiveCfg = Debug|Any CPU
		{19639363-2BA4-4ADF-98CA-398953AABBB5}.Debug|Any CPU.Build.0 = Debug|Any CPU
		{19639363-2BA4-4ADF-98CA-398953AABBB5}.Release|Any CPU.ActiveCfg = Release|Any CPU
		{19639363-2BA4-4ADF-98CA-398953AABBB5}.Release|Any CPU.Build.0 = Release|Any CPU
		{81142686-6E77-4F41-825B-22A4BEBA66CF}.Debug|Any CPU.ActiveCfg = Debug|Any CPU
		{81142686-6E77-4F41-825B-22A4BEBA66CF}.Debug|Any CPU.Build.0 = Debug|Any CPU
		{81142686-6E77-4F41-825B-22A4BEBA66CF}.Release|Any CPU.ActiveCfg = Release|Any CPU
		{81142686-6E77-4F41-825B-22A4BEBA66CF}.Release|Any CPU.Build.0 = Release|Any CPU
	EndGlobalSection
	GlobalSection(SolutionProperties) = preSolution
		HideSolutionNode = FALSE
	EndGlobalSection
	GlobalSection(ExtensibilityGlobals) = postSolution
		SolutionGuid = {B13C2B82-EB8B-4492-90F8-36AE7D8D2B92}
	EndGlobalSection
EndGlobal
